schema_version: 1
updated_at: 2026-04-04T00:00:00Z
owner: SocioProphet
project: memorymesh
models:
  - slot: chat_default
    status: unresolved
    source_family: gguf
    intended_runtime: gpt4all
    license: null
    filename: null
    sha256: null
    notes: Choose a local chat model after license and quality review.
  - slot: embedder_default
    status: unresolved
    source_family: gguf_or_api
    intended_runtime: lmstudio_or_custom_worker
    license: null
    filename: null
    sha256: null
    notes: Keep embeddings separate from GPT4All HTTP until we wrap a local embedding worker explicitly.
  - slot: reranker_default
    status: unresolved
    source_family: local_or_remote_disabled
    intended_runtime: custom_worker
    license: null
    filename: null
    sha256: null
    notes: Optional second-stage reranker for recall quality tests.
